// !$*UTF8*$!
{
	archiveVersion = 1;
	classes = {
	};
	objectVersion = 50;
	objects = {

/* Begin PBXBuildFile section */
		333FBA7F21B808CB00402D9B /* AppDelegate.swift in Sources */ = {isa = PBXBuildFile; fileRef = 333FBA7E21B808CB00402D9B /* AppDelegate.swift */; };
		333FBA8121B808CB00402D9B /* ViewController.swift in Sources */ = {isa = PBXBuildFile; fileRef = 333FBA8021B808CB00402D9B /* ViewController.swift */; };
		333FBA8421B808CB00402D9B /* Main.storyboard in Resources */ = {isa = PBXBuildFile; fileRef = 333FBA8221B808CB00402D9B /* Main.storyboard */; };
		333FBA8621B808CD00402D9B /* Assets.xcassets in Resources */ = {isa = PBXBuildFile; fileRef = 333FBA8521B808CD00402D9B /* Assets.xcassets */; };
		333FBA8921B808CD00402D9B /* LaunchScreen.storyboard in Resources */ = {isa = PBXBuildFile; fileRef = 333FBA8721B808CD00402D9B /* LaunchScreen.storyboard */; };
		333FBA9421B808CD00402D9B /* AppVisualArtTests.swift in Sources */ = {isa = PBXBuildFile; fileRef = 333FBA9321B808CD00402D9B /* AppVisualArtTests.swift */; };
		333FBA9F21B808CD00402D9B /* AppVisualArtUITests.swift in Sources */ = {isa = PBXBuildFile; fileRef = 333FBA9E21B808CD00402D9B /* AppVisualArtUITests.swift */; };
		333FBAAD21B80AD000402D9B /* CollectionReusableView.swift in Sources */ = {isa = PBXBuildFile; fileRef = 333FBAAC21B80AD000402D9B /* CollectionReusableView.swift */; };
		333FBAAF21B80BC900402D9B /* Serie.swift in Sources */ = {isa = PBXBuildFile; fileRef = 333FBAAE21B80BC800402D9B /* Serie.swift */; };
		333FBAB121B813BA00402D9B /* Category.swift in Sources */ = {isa = PBXBuildFile; fileRef = 333FBAB021B813BA00402D9B /* Category.swift */; };
		33FAE03921B843FD004D136A /* CollectionViewCell.swift in Sources */ = {isa = PBXBuildFile; fileRef = 33FAE03821B843FD004D136A /* CollectionViewCell.swift */; };
/* End PBXBuildFile section */

/* Begin PBXContainerItemProxy section */
		333FBA9021B808CD00402D9B /* PBXContainerItemProxy */ = {
			isa = PBXContainerItemProxy;
			containerPortal = 333FBA7321B808CB00402D9B /* Project object */;
			proxyType = 1;
			remoteGlobalIDString = 333FBA7A21B808CB00402D9B;
			remoteInfo = AppVisualArt;
		};
		333FBA9B21B808CD00402D9B /* PBXContainerItemProxy */ = {
			isa = PBXContainerItemProxy;
			containerPortal = 333FBA7321B808CB00402D9B /* Project object */;
			proxyType = 1;
			remoteGlobalIDString = 333FBA7A21B808CB00402D9B;
			remoteInfo = AppVisualArt;
		};
/* End PBXContainerItemProxy section */

/* Begin PBXFileReference section */
		333FBA7B21B808CB00402D9B /* AppVisualArt.app */ = {isa = PBXFileReference; explicitFileType = wrapper.application; includeInIndex = 0; path = AppVisualArt.app; sourceTree = BUILT_PRODUCTS_DIR; };
		333FBA7E21B808CB00402D9B /* AppDelegate.swift */ = {isa = PBXFileReference; lastKnownFileType = sourcecode.swift; path = AppDelegate.swift; sourceTree = "<group>"; };
		333FBA8021B808CB00402D9B /* ViewController.swift */ = {isa = PBXFileReference; lastKnownFileType = sourcecode.swift; path = ViewController.swift; sourceTree = "<group>"; };
		333FBA8321B808CB00402D9B /* Base */ = {isa = PBXFileReference; lastKnownFileType = file.storyboard; name = Base; path = Base.lproj/Main.storyboard; sourceTree = "<group>"; };
		333FBA8521B808CD00402D9B /* Assets.xcassets */ = {isa = PBXFileReference; lastKnownFileType = folder.assetcatalog; path = Assets.xcassets; sourceTree = "<group>"; };
		333FBA8821B808CD00402D9B /* Base */ = {isa = PBXFileReference; lastKnownFileType = file.storyboard; name = Base; path = Base.lproj/LaunchScreen.storyboard; sourceTree = "<group>"; };
		333FBA8A21B808CD00402D9B /* Info.plist */ = {isa = PBXFileReference; lastKnownFileType = text.plist.xml; path = Info.plist; sourceTree = "<group>"; };
		333FBA8F21B808CD00402D9B /* AppVisualArtTests.xctest */ = {isa = PBXFileReference; explicitFileType = wrapper.cfbundle; includeInIndex = 0; path = AppVisualArtTests.xctest; sourceTree = BUILT_PRODUCTS_DIR; };
		333FBA9321B808CD00402D9B /* AppVisualArtTests.swift */ = {isa = PBXFileReference; lastKnownFileType = sourcecode.swift; path = AppVisualArtTests.swift; sourceTree = "<group>"; };
		333FBA9521B808CD00402D9B /* Info.plist */ = {isa = PBXFileReference; lastKnownFileType = text.plist.xml; path = Info.plist; sourceTree = "<group>"; };
		333FBA9A21B808CD00402D9B /* AppVisualArtUITests.xctest */ = {isa = PBXFileReference; explicitFileType = wrapper.cfbundle; includeInIndex = 0; path = AppVisualArtUITests.xctest; sourceTree = BUILT_PRODUCTS_DIR; };
		333FBA9E21B808CD00402D9B /* AppVisualArtUITests.swift */ = {isa = PBXFileReference; lastKnownFileType = sourcecode.swift; path = AppVisualArtUITests.swift; sourceTree = "<group>"; };
		333FBAA021B808CD00402D9B /* Info.plist */ = {isa = PBXFileReference; lastKnownFileType = text.plist.xml; path = Info.plist; sourceTree = "<group>"; };
		333FBAAC21B80AD000402D9B /* CollectionReusableView.swift */ = {isa = PBXFileReference; lastKnownFileType = sourcecode.swift; path = CollectionReusableView.swift; sourceTree = "<group>"; };
		333FBAAE21B80BC800402D9B /* Serie.swift */ = {isa = PBXFileReference; lastKnownFileType = sourcecode.swift; path = Serie.swift; sourceTree = "<group>"; };
		333FBAB021B813BA00402D9B /* Category.swift */ = {isa = PBXFileReference; lastKnownFileType = sourcecode.swift; path = Category.swift; sourceTree = "<group>"; };
		33FAE03821B843FD004D136A /* CollectionViewCell.swift */ = {isa = PBXFileReference; lastKnownFileType = sourcecode.swift; path = CollectionViewCell.swift; sourceTree = "<group>"; };
/* End PBXFileReference section */

/* Begin PBXFrameworksBuildPhase section */
		333FBA7821B808CB00402D9B /* Frameworks */ = {
			isa = PBXFrameworksBuildPhase;
			buildActionMask = 2147483647;
			files = (
			);
			runOnlyForDeploymentPostprocessing = 0;
		};
		333FBA8C21B808CD00402D9B /* Frameworks */ = {
			isa = PBXFrameworksBuildPhase;
			buildActionMask = 2147483647;
			files = (
			);
			runOnlyForDeploymentPostprocessing = 0;
		};
		333FBA9721B808CD00402D9B /* Frameworks */ = {
			isa = PBXFrameworksBuildPhase;
			buildActionMask = 2147483647;
			files = (
			);
			runOnlyForDeploymentPostprocessing = 0;
		};
/* End PBXFrameworksBuildPhase section */

/* Begin PBXGroup section */
		333FBA7221B808CB00402D9B = {
			isa = PBXGroup;
			children = (
				333FBA7D21B808CB00402D9B /* AppVisualArt */,
				333FBA9221B808CD00402D9B /* AppVisualArtTests */,
				333FBA9D21B808CD00402D9B /* AppVisualArtUITests */,
				333FBA7C21B808CB00402D9B /* Products */,
			);
			sourceTree = "<group>";
		};
		333FBA7C21B808CB00402D9B /* Products */ = {
			isa = PBXGroup;
			children = (
				333FBA7B21B808CB00402D9B /* AppVisualArt.app */,
				333FBA8F21B808CD00402D9B /* AppVisualArtTests.xctest */,
				333FBA9A21B808CD00402D9B /* AppVisualArtUITests.xctest */,
			);
			name = Products;
			sourceTree = "<group>";
		};
		333FBA7D21B808CB00402D9B /* AppVisualArt */ = {
			isa = PBXGroup;
			children = (
				333FBAB221B813F300402D9B /* Model */,
				333FBA7E21B808CB00402D9B /* AppDelegate.swift */,
				333FBA8021B808CB00402D9B /* ViewController.swift */,
				333FBA8221B808CB00402D9B /* Main.storyboard */,
				333FBA8521B808CD00402D9B /* Assets.xcassets */,
				333FBA8721B808CD00402D9B /* LaunchScreen.storyboard */,
				333FBA8A21B808CD00402D9B /* Info.plist */,
				333FBAAC21B80AD000402D9B /* CollectionReusableView.swift */,
				33FAE03821B843FD004D136A /* CollectionViewCell.swift */,
			);
			path = AppVisualArt;
			sourceTree = "<group>";
		};
		333FBA9221B808CD00402D9B /* AppVisualArtTests */ = {
			isa = PBXGroup;
			children = (
				333FBA9321B808CD00402D9B /* AppVisualArtTests.swift */,
				333FBA9521B808CD00402D9B /* Info.plist */,
			);
			path = AppVisualArtTests;
			sourceTree = "<group>";
		};
		333FBA9D21B808CD00402D9B /* AppVisualArtUITests */ = {
			isa = PBXGroup;
			children = (
				333FBA9E21B808CD00402D9B /* AppVisualArtUITests.swift */,
				333FBAA021B808CD00402D9B /* Info.plist */,
			);
			path = AppVisualArtUITests;
			sourceTree = "<group>";
		};
		333FBAB221B813F300402D9B /* Model */ = {
			isa = PBXGroup;
			children = (
				333FBAB021B813BA00402D9B /* Category.swift */,
				333FBAAE21B80BC800402D9B /* Serie.swift */,
			);
			path = Model;
			sourceTree = "<group>";
		};
/* End PBXGroup section */

/* Begin PBXNativeTarget section */
		333FBA7A21B808CB00402D9B /* AppVisualArt */ = {
			isa = PBXNativeTarget;
			buildConfigurationList = 333FBAA321B808CD00402D9B /* Build configuration list for PBXNativeTarget "AppVisualArt" */;
			buildPhases = (
				333FBA7721B808CB00402D9B /* Sources */,
				333FBA7821B808CB00402D9B /* Frameworks */,
				333FBA7921B808CB00402D9B /* Resources */,
			);
			buildRules = (
			);
			dependencies = (
			);
			name = AppVisualArt;
			productName = AppVisualArt;
			productReference = 333FBA7B21B808CB00402D9B /* AppVisualArt.app */;
			productType = "com.apple.product-type.application";
		};
		333FBA8E21B808CD00402D9B /* AppVisualArtTests */ = {
			isa = PBXNativeTarget;
			buildConfigurationList = 333FBAA621B808CD00402D9B /* Build configuration list for PBXNativeTarget "AppVisualArtTests" */;
			buildPhases = (
				333FBA8B21B808CD00402D9B /* Sources */,
				333FBA8C21B808CD00402D9B /* Frameworks */,
				333FBA8D21B808CD00402D9B /* Resources */,
			);
			buildRules = (
			);
			dependencies = (
				333FBA9121B808CD00402D9B /* PBXTargetDependency */,
			);
			name = AppVisualArtTests;
			productName = AppVisualArtTests;
			productReference = 333FBA8F21B808CD00402D9B /* AppVisualArtTests.xctest */;
			productType = "com.apple.product-type.bundle.unit-test";
		};
		333FBA9921B808CD00402D9B /* AppVisualArtUITests */ = {
			isa = PBXNativeTarget;
			buildConfigurationList = 333FBAA921B808CD00402D9B /* Build configuration list for PBXNativeTarget "AppVisualArtUITests" */;
			buildPhases = (
				333FBA9621B808CD00402D9B /* Sources */,
				333FBA9721B808CD00402D9B /* Frameworks */,
				333FBA9821B808CD00402D9B /* Resources */,
			);
			buildRules = (
			);
			dependencies = (
				333FBA9C21B808CD00402D9B /* PBXTargetDependency */,
			);
			name = AppVisualArtUITests;
			productName = AppVisualArtUITests;
			productReference = 333FBA9A21B808CD00402D9B /* AppVisualArtUITests.xctest */;
			productType = "com.apple.product-type.bundle.ui-testing";
		};
/* End PBXNativeTarget section */

/* Begin PBXProject section */
		333FBA7321B808CB00402D9B /* Project object */ = {
			isa = PBXProject;
			attributes = {
				LastSwiftUpdateCheck = 1010;
				LastUpgradeCheck = 1010;
				ORGANIZATIONNAME = DAM;
				TargetAttributes = {
					333FBA7A21B808CB00402D9B = {
						CreatedOnToolsVersion = 10.1;
					};
					333FBA8E21B808CD00402D9B = {
						CreatedOnToolsVersion = 10.1;
						TestTargetID = 333FBA7A21B808CB00402D9B;
					};
					333FBA9921B808CD00402D9B = {
						CreatedOnToolsVersion = 10.1;
						TestTargetID = 333FBA7A21B808CB00402D9B;
					};
				};
			};
			buildConfigurationList = 333FBA7621B808CB00402D9B /* Build configuration list for PBXProject "AppVisualArt" */;
			compatibilityVersion = "Xcode 9.3";
			developmentRegion = en;
			hasScannedForEncodings = 0;
			knownRegions = (
				en,
				Base,
			);
			mainGroup = 333FBA7221B808CB00402D9B;
			productRefGroup = 333FBA7C21B808CB00402D9B /* Products */;
			projectDirPath = "";
			projectRoot = "";
			targets = (
				333FBA7A21B808CB00402D9B /* AppVisualArt */,
				333FBA8E21B808CD00402D9B /* AppVisualArtTests */,
				333FBA9921B808CD00402D9B /* AppVisualArtUITests */,
			);
		};
/* End PBXProject section */

/* Begin PBXResourcesBuildPhase section */
		333FBA7921B808CB00402D9B /* Resources */ = {
			isa = PBXResourcesBuildPhase;
			buildActionMask = 2147483647;
			files = (
				333FBA8921B808CD00402D9B /* LaunchScreen.storyboard in Resources */,
				333FBA8621B808CD00402D9B /* Assets.xcassets in Resources */,
				333FBA8421B808CB00402D9B /* Main.storyboard in Resources */,
			);
			runOnlyForDeploymentPostprocessing = 0;
		};
		333FBA8D21B808CD00402D9B /* Resources */ = {
			isa = PBXResourcesBuildPhase;
			buildActionMask = 2147483647;
			files = (
			);
			runOnlyForDeploymentPostprocessing = 0;
		};
		333FBA9821B808CD00402D9B /* Resources */ = {
			isa = PBXResourcesBuildPhase;
			buildActionMask = 2147483647;
			files = (
			);
			runOnlyForDeploymentPostprocessing = 0;
		};
/* End PBXResourcesBuildPhase section */

/* Begin PBXSourcesBuildPhase section */
		333FBA7721B808CB00402D9B /* Sources */ = {
			isa = PBXSourcesBuildPhase;
			buildActionMask = 2147483647;
			files = (
				333FBAAD21B80AD000402D9B /* CollectionReusableView.swift in Sources */,
				333FBAB121B813BA00402D9B /* Category.swift in Sources */,
				33FAE03921B843FD004D136A /* CollectionViewCell.swift in Sources */,
				333FBA8121B808CB00402D9B /* ViewController.swift in Sources */,
				333FBAAF21B80BC900402D9B /* Serie.swift in Sources */,
				333FBA7F21B808CB00402D9B /* AppDelegate.swift in Sources */,
			);
			runOnlyForDeploymentPostprocessing = 0;
		};
		333FBA8B21B808CD00402D9B /* Sources */ = {
			isa = PBXSourcesBuildPhase;
			buildActionMask = 2147483647;
			files = (
				333FBA9421B808CD00402D9B /* AppVisualArtTests.swift in Sources */,
			);
			runOnlyForDeploymentPostprocessing = 0;
		};
		333FBA9621B808CD00402D9B /* Sources */ = {
			isa = PBXSourcesBuildPhase;
			buildActionMask = 2147483647;
			files = (
				333FBA9F21B808CD00402D9B /* AppVisualArtUITests.swift in Sources */,
			);
			runOnlyForDeploymentPostprocessing = 0;
		};
/* End PBXSourcesBuildPhase section */

/* Begin PBXTargetDependency section */
		333FBA9121B808CD00402D9B /* PBXTargetDependency */ = {
			isa = PBXTargetDependency;
			target = 333FBA7A21B808CB00402D9B /* AppVisualArt */;
			targetProxy = 333FBA9021B808CD00402D9B /* PBXContainerItemProxy */;
		};
		333FBA9C21B808CD00402D9B /* PBXTargetDependency */ = {
			isa = PBXTargetDependency;
			target = 333FBA7A21B808CB00402D9B /* AppVisualArt */;
			targetProxy = 333FBA9B21B808CD00402D9B /* PBXContainerItemProxy */;
		};
/* End PBXTargetDependency section */

/* Begin PBXVariantGroup section */
		333FBA8221B808CB00402D9B /* Main.storyboard */ = {
			isa = PBXVariantGroup;
			children = (
				333FBA8321B808CB00402D9B /* Base */,
			);
			name = Main.storyboard;
			sourceTree = "<group>";
		};
		333FBA8721B808CD00402D9B /* LaunchScreen.storyboard */ = {
			isa = PBXVariantGroup;
			children = (
				333FBA8821B808CD00402D9B /* Base */,
			);
			name = LaunchScreen.storyboard;
			sourceTree = "<group>";
		};
/* End PBXVariantGroup section */

/* Begin XCBuildConfiguration section */
		333FBAA121B808CD00402D9B /* Debug */ = {
			isa = XCBuildConfiguration;
			buildSettings = {
				ALWAYS_SEARCH_USER_PATHS = NO;
				CLANG_ANALYZER_NONNULL = YES;
				CLANG_ANALYZER_NUMBER_OBJECT_CONVERSION = YES_AGGRESSIVE;
				CLANG_CXX_LANGUAGE_STANDARD = "gnu++14";
				CLANG_CXX_LIBRARY = "libc++";
				CLANG_ENABLE_MODULES = YES;
				CLANG_ENABLE_OBJC_ARC = YES;
				CLANG_ENABLE_OBJC_WEAK = YES;
				CLANG_WARN_BLOCK_CAPTURE_AUTORELEASING = YES;
				CLANG_WARN_BOOL_CONVERSION = YES;
				CLANG_WARN_COMMA = YES;
				CLANG_WARN_CONSTANT_CONVERSION = YES;
				CLANG_WARN_DEPRECATED_OBJC_IMPLEMENTATIONS = YES;
				CLANG_WARN_DIRECT_OBJC_ISA_USAGE = YES_ERROR;
				CLANG_WARN_DOCUMENTATION_COMMENTS = YES;
				CLANG_WARN_EMPTY_BODY = YES;
				CLANG_WARN_ENUM_CONVERSION = YES;
				CLANG_WARN_INFINITE_RECURSION = YES;
				CLANG_WARN_INT_CONVERSION = YES;
				CLANG_WARN_NON_LITERAL_NULL_CONVERSION = YES;
				CLANG_WARN_OBJC_IMPLICIT_RETAIN_SELF = YES;
				CLANG_WARN_OBJC_LITERAL_CONVERSION = YES;
				CLANG_WARN_OBJC_ROOT_CLASS = YES_ERROR;
				CLANG_WARN_RANGE_LOOP_ANALYSIS = YES;
				CLANG_WARN_STRICT_PROTOTYPES = YES;
				CLANG_WARN_SUSPICIOUS_MOVE = YES;
				CLANG_WARN_UNGUARDED_AVAILABILITY = YES_AGGRESSIVE;
				CLANG_WARN_UNREACHABLE_CODE = YES;
				CLANG_WARN__DUPLICATE_METHOD_MATCH = YES;
				CODE_SIGN_IDENTITY = "iPhone Developer";
				COPY_PHASE_STRIP = NO;
				DEBUG_INFORMATION_FORMAT = dwarf;
				ENABLE_STRICT_OBJC_MSGSEND = YES;
				ENABLE_TESTABILITY = YES;
				GCC_C_LANGUAGE_STANDARD = gnu11;
				GCC_DYNAMIC_NO_PIC = NO;
				GCC_NO_COMMON_BLOCKS = YES;
				GCC_OPTIMIZATION_LEVEL = 0;
				GCC_PREPROCESSOR_DEFINITIONS = (
					"DEBUG=1",
					"$(inherited)",
				);
				GCC_WARN_64_TO_32_BIT_CONVERSION = YES;
				GCC_WARN_ABOUT_RETURN_TYPE = YES_ERROR;
				GCC_WARN_UNDECLARED_SELECTOR = YES;
				GCC_WARN_UNINITIALIZED_AUTOS = YES_AGGRESSIVE;
				GCC_WARN_UNUSED_FUNCTION = YES;
				GCC_WARN_UNUSED_VARIABLE = YES;
				IPHONEOS_DEPLOYMENT_TARGET = 12.1;
				MTL_ENABLE_DEBUG_INFO = INCLUDE_SOURCE;
				MTL_FAST_MATH = YES;
				ONLY_ACTIVE_ARCH = YES;
				SDKROOT = iphoneos;
				SWIFT_ACTIVE_COMPILATION_CONDITIONS = DEBUG;
				SWIFT_OPTIMIZATION_LEVEL = "-Onone";
			};
			name = Debug;
		};
		333FBAA221B808CD00402D9B /* Release */ = {
			isa = XCBuildConfiguration;
			buildSettings = {
				ALWAYS_SEARCH_USER_PATHS = NO;
				CLANG_ANALYZER_NONNULL = YES;
				CLANG_ANALYZER_NUMBER_OBJECT_CONVERSION = YES_AGGRESSIVE;
				CLANG_CXX_LANGUAGE_STANDARD = "gnu++14";
				CLANG_CXX_LIBRARY = "libc++";
				CLANG_ENABLE_MODULES = YES;
				CLANG_ENABLE_OBJC_ARC = YES;
				CLANG_ENABLE_OBJC_WEAK = YES;
				CLANG_WARN_BLOCK_CAPTURE_AUTORELEASING = YES;
				CLANG_WARN_BOOL_CONVERSION = YES;
				CLANG_WARN_COMMA = YES;
				CLANG_WARN_CONSTANT_CONVERSION = YES;
				CLANG_WARN_DEPRECATED_OBJC_IMPLEMENTATIONS = YES;
				CLANG_WARN_DIRECT_OBJC_ISA_USAGE = YES_ERROR;
				CLANG_WARN_DOCUMENTATION_COMMENTS = YES;
				CLANG_WARN_EMPTY_BODY = YES;
				CLANG_WARN_ENUM_CONVERSION = YES;
				CLANG_WARN_INFINITE_RECURSION = YES;
				CLANG_WARN_INT_CONVERSION = YES;
				CLANG_WARN_NON_LITERAL_NULL_CONVERSION = YES;
				CLANG_WARN_OBJC_IMPLICIT_RETAIN_SELF = YES;
				CLANG_WARN_OBJC_LITERAL_CONVERSION = YES;
				CLANG_WARN_OBJC_ROOT_CLASS = YES_ERROR;
				CLANG_WARN_RANGE_LOOP_ANALYSIS = YES;
				CLANG_WARN_STRICT_PROTOTYPES = YES;
				CLANG_WARN_SUSPICIOUS_MOVE = YES;
				CLANG_WARN_UNGUARDED_AVAILABILITY = YES_AGGRESSIVE;
				CLANG_WARN_UNREACHABLE_CODE = YES;
				CLANG_WARN__DUPLICATE_METHOD_MATCH = YES;
				CODE_SIGN_IDENTITY = "iPhone Developer";
				COPY_PHASE_STRIP = NO;
				DEBUG_INFORMATION_FORMAT = "dwarf-with-dsym";
				ENABLE_NS_ASSERTIONS = NO;
				ENABLE_STRICT_OBJC_MSGSEND = YES;
				GCC_C_LANGUAGE_STANDARD = gnu11;
				GCC_NO_COMMON_BLOCKS = YES;
				GCC_WARN_64_TO_32_BIT_CONVERSION = YES;
				GCC_WARN_ABOUT_RETURN_TYPE = YES_ERROR;
				GCC_WARN_UNDECLARED_SELECTOR = YES;
				GCC_WARN_UNINITIALIZED_AUTOS = YES_AGGRESSIVE;
				GCC_WARN_UNUSED_FUNCTION = YES;
				GCC_WARN_UNUSED_VARIABLE = YES;
				IPHONEOS_DEPLOYMENT_TARGET = 12.1;
				MTL_ENABLE_DEBUG_INFO = NO;
				MTL_FAST_MATH = YES;
				SDKROOT = iphoneos;
				SWIFT_COMPILATION_MODE = wholemodule;
				SWIFT_OPTIMIZATION_LEVEL = "-O";
				VALIDATE_PRODUCT = YES;
			};
			name = Release;
		};
		333FBAA421B808CD00402D9B /* Debug */ = {
			isa = XCBuildConfiguration;
			buildSettings = {
				ASSETCATALOG_COMPILER_APPICON_NAME = AppIcon;
				CODE_SIGN_STYLE = Automatic;
				INFOPLIST_FILE = AppVisualArt/Info.plist;
				LD_RUNPATH_SEARCH_PATHS = (
					"$(inherited)",
					"@executable_path/Frameworks",
				);
				PRODUCT_BUNDLE_IDENTIFIER = dmorenoar.com.AppVisualArt;
				PRODUCT_NAME = "$(TARGET_NAME)";
				SWIFT_VERSION = 4.2;
				TARGETED_DEVICE_FAMILY = "1,2";
			};
			name = Debug;
		};
		333FBAA521B808CD00402D9B /* Release */ = {
			isa = XCBuildConfiguration;
			buildSettings = {
				ASSETCATALOG_COMPILER_APPICON_NAME = AppIcon;
				CODE_SIGN_STYLE = Automatic;
				INFOPLIST_FILE = AppVisualArt/Info.plist;
				LD_RUNPATH_SEARCH_PATHS = (
					"$(inherited)",
					"@executable_path/Frameworks",
				);
				PRODUCT_BUNDLE_IDENTIFIER = dmorenoar.com.AppVisualArt;
				PRODUCT_NAME = "$(TARGET_NAME)";
				SWIFT_VERSION = 4.2;
				TARGETED_DEVICE_FAMILY = "1,2";
			};
			name = Release;
		};
		333FBAA721B808CD00402D9B /* Debug */ = {
			isa = XCBuildConfiguration;
			buildSettings = {
				ALWAYS_EMBED_SWIFT_STANDARD_LIBRARIES = YES;
				BUNDLE_LOADER = "$(TEST_HOST)";
				CODE_SIGN_STYLE = Automatic;
				INFOPLIST_FILE = AppVisualArtTests/Info.plist;
				LD_RUNPATH_SEARCH_PATHS = (
					"$(inherited)",
					"@executable_path/Frameworks",
					"@loader_path/Frameworks",
				);
				PRODUCT_BUNDLE_IDENTIFIER = dmorenoar.com.AppVisualArtTests;
				PRODUCT_NAME = "$(TARGET_NAME)";
				SWIFT_VERSION = 4.2;
				TARGETED_DEVICE_FAMILY = "1,2";
				TEST_HOST = "$(BUILT_PRODUCTS_DIR)/AppVisualArt.app/AppVisualArt";
			};
			name = Debug;
		};
		333FBAA821B808CD00402D9B /* Release */ = {
			isa = XCBuildConfiguration;
			buildSettings = {
				ALWAYS_EMBED_SWIFT_STANDARD_LIBRARIES = YES;
				BUNDLE_LOADER = "$(TEST_HOST)";
				CODE_SIGN_STYLE = Automatic;
				INFOPLIST_FILE = AppVisualArtTests/Info.plist;
				LD_RUNPATH_SEARCH_PATHS = (
					"$(inherited)",
					"@executable_path/Frameworks",
					"@loader_path/Frameworks",
				);
				PRODUCT_BUNDLE_IDENTIFIER = dmorenoar.com.AppVisualArtTests;
				PRODUCT_NAME = "$(TARGET_NAME)";
				SWIFT_VERSION = 4.2;
				TARGETED_DEVICE_FAMILY = "1,2";
				TEST_HOST = "$(BUILT_PRODUCTS_DIR)/AppVisualArt.app/AppVisualArt";
			};
			name = Release;
		};
		333FBAAA21B808CD00402D9B /* Debug */ = {
			isa = XCBuildConfiguration;
			buildSettings = {
				ALWAYS_EMBED_SWIFT_STANDARD_LIBRARIES = YES;
				CODE_SIGN_STYLE = Automatic;
				INFOPLIST_FILE = AppVisualArtUITests/Info.plist;
				LD_RUNPATH_SEARCH_PATHS = (
					"$(inherited)",
					"@executable_path/Frameworks",
					"@loader_path/Frameworks",
				);
				PRODUCT_BUNDLE_IDENTIFIER = dmorenoar.com.AppVisualArtUITests;
				PRODUCT_NAME = "$(TARGET_NAME)";
				SWIFT_VERSION = 4.2;
				TARGETED_DEVICE_FAMILY = "1,2";
				TEST_TARGET_NAME = AppVisualArt;
			};
			name = Debug;
		};
		333FBAAB21B808CD00402D9B /* Release */ = {
			isa = XCBuildConfiguration;
			buildSettings = {
				ALWAYS_EMBED_SWIFT_STANDARD_LIBRARIES = YES;
				CODE_SIGN_STYLE = Automatic;
				INFOPLIST_FILE = AppVisualArtUITests/Info.plist;
				LD_RUNPATH_SEARCH_PATHS = (
					"$(inherited)",
					"@executable_path/Frameworks",
					"@loader_path/Frameworks",
				);
				PRODUCT_BUNDLE_IDENTIFIER = dmorenoar.com.AppVisualArtUITests;
				PRODUCT_NAME = "$(TARGET_NAME)";
				SWIFT_VERSION = 4.2;
				TARGETED_DEVICE_FAMILY = "1,2";
				TEST_TARGET_NAME = AppVisualArt;
			};
			name = Release;
		};
/* End XCBuildConfiguration section */

/* Begin XCConfigurationList section */
		333FBA7621B808CB00402D9B /* Build configuration list for PBXProject "AppVisualArt" */ = {
			isa = XCConfigurationList;
			buildConfigurations = (
				333FBAA121B808CD00402D9B /* Debug */,
				333FBAA221B808CD00402D9B /* Release */,
			);
			defaultConfigurationIsVisible = 0;
			defaultConfigurationName = Release;
		};
		333FBAA321B808CD00402D9B /* Build configuration list for PBXNativeTarget "AppVisualArt" */ = {
			isa = XCConfigurationList;
			buildConfigurations = (
				333FBAA421B808CD00402D9B /* Debug */,
				333FBAA521B808CD00402D9B /* Release */,
			);
			defaultConfigurationIsVisible = 0;
			defaultConfigurationName = Release;
		};
		333FBAA621B808CD00402D9B /* Build configuration list for PBXNativeTarget "AppVisualArtTests" */ = {
			isa = XCConfigurationList;
			buildConfigurations = (
				333FBAA721B808CD00402D9B /* Debug */,
				333FBAA821B808CD00402D9B /* Release */,
			);
			defaultConfigurationIsVisible = 0;
			defaultConfigurationName = Release;
		};
		333FBAA921B808CD00402D9B /* Build configuration list for PBXNativeTarget "AppVisualArtUITests" */ = {
			isa = XCConfigurationList;
			buildConfigurations = (
				333FBAAA21B808CD00402D9B /* Debug */,
				333FBAAB21B808CD00402D9B /* Release */,
			);
			defaultConfigurationIsVisible = 0;
			defaultConfigurationName = Release;
		};
/* End XCConfigurationList section */
	};
	rootObject = 333FBA7321B808CB00402D9B /* Project object */;
}
